{
  "name": "flutter_portfolio_starter",
  "version": "1.0.0",
  "lockfileVersion": 3,
  "requires": true,
  "packages": {
    "": {
      "name": "flutter_portfolio_starter",
      "version": "1.0.0",
      "devDependencies": {
        "prettier": "^2.8.8"
      }
    },
    "node_modules/prettier": {
      "version": "2.8.8",
      "resolved": "https://registry.npmjs.org/prettier/-/prettier-2.8.8.tgz",
      "integrity": "sha512-tdN8qQGvNjw4CHolameLXp7PJEvHL3B7mTED7OFaVIIvrzhcZC2fs/8T0eW74EK7DRrHmLY0vOwZpATsvziScDA==",
      "bin": {
        "prettier": "bin-prettier.js"
      },
      "engines": {
        "node": ">=14"
      }
    }
  }
}
